
Microsoft Visual Studio Solution File, Format Version 12.00
# Visual Studio Version 18
VisualStudioVersion = 18.2.11415.280 d18.0
MinimumVisualStudioVersion = 10.0.40219.1
Project("{FAE04EC0-301F-11D3-BF4B-00C04F79EFBC}") = "CebuCrmApi", "CebuCrmApi.csproj", "{714D79D0-A86A-C358-AF79-F1A266D7B628}"
EndProject
Global
	GlobalSection(SolutionConfigurationPlatforms) = preSolution
		Debug|Any CPU = Debug|Any CPU
		Release|Any CPU = Release|Any CPU
	EndGlobalSection
	GlobalSection(ProjectConfigurationPlatforms) = postSolution
		{714D79D0-A86A-C358-AF79-F1A266D7B628}.Debug|Any CPU.ActiveCfg = Debug|Any CPU
		{714D79D0-A86A-C358-AF79-F1A266D7B628}.Debug|Any CPU.Build.0 = Debug|Any CPU
		{714D79D0-A86A-C358-AF79-F1A266D7B628}.Release|Any CPU.ActiveCfg = Release|Any CPU
		{714D79D0-A86A-C358-AF79-F1A266D7B628}.Release|Any CPU.Build.0 = Release|Any CPU
	EndGlobalSection
	GlobalSection(SolutionProperties) = preSolution
		HideSolutionNode = FALSE
	EndGlobalSection
	GlobalSection(ExtensibilityGlobals) = postSolution
		SolutionGuid = {BDCE9EBE-D90F-4851-A8C5-DBCBAA40A787}
	EndGlobalSection
EndGlobal
